
Microsoft Visual Studio Solution File, Format Version 12.00
# Visual Studio 15
VisualStudioVersion = 15.0.26730.15
MinimumVisualStudioVersion = 10.0.40219.1
Project("{FAE04EC0-301F-11D3-BF4B-00C04F79EFBC}") = "AbstractGarmentFactoryModel", "AbstractGarmentFactoryModel\AbstractGarmentFactoryModel.csproj", "{831772CD-BE31-425E-9D17-0AFCD9EF121A}"
EndProject
Project("{FAE04EC0-301F-11D3-BF4B-00C04F79EFBC}") = "AbstractGarmentFactoryServiceDAL", "AbstractGarmentFactoryServiceDAL\AbstractGarmentFactoryServiceDAL.csproj", "{D313478B-D385-4243-B9C5-387EB73CA6F6}"
EndProject
Project("{FAE04EC0-301F-11D3-BF4B-00C04F79EFBC}") = "AbstractGarmentFactoryServiceImplement", "AbstractGarmentFactoryServiceImplement\AbstractGarmentFactoryServiceImplement.csproj", "{1C771B32-3715-4769-88B8-5A76025AA4E8}"
EndProject
Project("{FAE04EC0-301F-11D3-BF4B-00C04F79EFBC}") = "AbstractGarmentFactoryView", "AbstractGarmentFactoryView\AbstractGarmentFactoryView.csproj", "{1B704247-1D26-4F6F-B43C-7CB48C5B2612}"
EndProject
Project("{FAE04EC0-301F-11D3-BF4B-00C04F79EFBC}") = "AbstractGarmentFactoryMVC", "AbstractGarmentFactoryMVC\AbstractGarmentFactoryMVC.csproj", "{3857DEAB-C3BB-4A5E-B0CE-4790D1B73F8E}"
EndProject
Project("{FAE04EC0-301F-11D3-BF4B-00C04F79EFBC}") = "AbstractGarmentFactoryServiceImplementDataBase", "AbstractGarmentFactoryServiceImplementDataBase\AbstractGarmentFactoryServiceImplementDataBase.csproj", "{69FAE82B-5447-4EE6-8959-22DBAE242D4A}"
EndProject
Project("{FAE04EC0-301F-11D3-BF4B-00C04F79EFBC}") = "ReportsWeb", "ReportsWeb\ReportsWeb.csproj", "{F0B8D04D-8BB6-4E5D-B542-D6AD3BD56741}"
EndProject
Project("{FAE04EC0-301F-11D3-BF4B-00C04F79EFBC}") = "AbstractGarmentFactoryRestApi", "AbstractGarmentFactoryRestApi\AbstractGarmentFactoryRestApi.csproj", "{BB36ECAF-083E-43C4-8AB2-7D8E93F8AFBA}"
EndProject
Global
	GlobalSection(SolutionConfigurationPlatforms) = preSolution
		Debug|Any CPU = Debug|Any CPU
		Release|Any CPU = Release|Any CPU
	EndGlobalSection
	GlobalSection(ProjectConfigurationPlatforms) = postSolution
		{831772CD-BE31-425E-9D17-0AFCD9EF121A}.Debug|Any CPU.ActiveCfg = Debug|Any CPU
		{831772CD-BE31-425E-9D17-0AFCD9EF121A}.Debug|Any CPU.Build.0 = Debug|Any CPU
		{831772CD-BE31-425E-9D17-0AFCD9EF121A}.Release|Any CPU.ActiveCfg = Release|Any CPU
		{831772CD-BE31-425E-9D17-0AFCD9EF121A}.Release|Any CPU.Build.0 = Release|Any CPU
		{D313478B-D385-4243-B9C5-387EB73CA6F6}.Debug|Any CPU.ActiveCfg = Debug|Any CPU
		{D313478B-D385-4243-B9C5-387EB73CA6F6}.Debug|Any CPU.Build.0 = Debug|Any CPU
		{D313478B-D385-4243-B9C5-387EB73CA6F6}.Release|Any CPU.ActiveCfg = Release|Any CPU
		{D313478B-D385-4243-B9C5-387EB73CA6F6}.Release|Any CPU.Build.0 = Release|Any CPU
		{1C771B32-3715-4769-88B8-5A76025AA4E8}.Debug|Any CPU.ActiveCfg = Debug|Any CPU
		{1C771B32-3715-4769-88B8-5A76025AA4E8}.Debug|Any CPU.Build.0 = Debug|Any CPU
		{1C771B32-3715-4769-88B8-5A76025AA4E8}.Release|Any CPU.ActiveCfg = Release|Any CPU
		{1C771B32-3715-4769-88B8-5A76025AA4E8}.Release|Any CPU.Build.0 = Release|Any CPU
		{1B704247-1D26-4F6F-B43C-7CB48C5B2612}.Debug|Any CPU.ActiveCfg = Debug|Any CPU
		{1B704247-1D26-4F6F-B43C-7CB48C5B2612}.Debug|Any CPU.Build.0 = Debug|Any CPU
		{1B704247-1D26-4F6F-B43C-7CB48C5B2612}.Release|Any CPU.ActiveCfg = Release|Any CPU
		{1B704247-1D26-4F6F-B43C-7CB48C5B2612}.Release|Any CPU.Build.0 = Release|Any CPU
		{3857DEAB-C3BB-4A5E-B0CE-4790D1B73F8E}.Debug|Any CPU.ActiveCfg = Debug|Any CPU
		{3857DEAB-C3BB-4A5E-B0CE-4790D1B73F8E}.Debug|Any CPU.Build.0 = Debug|Any CPU
		{3857DEAB-C3BB-4A5E-B0CE-4790D1B73F8E}.Release|Any CPU.ActiveCfg = Release|Any CPU
		{3857DEAB-C3BB-4A5E-B0CE-4790D1B73F8E}.Release|Any CPU.Build.0 = Release|Any CPU
		{69FAE82B-5447-4EE6-8959-22DBAE242D4A}.Debug|Any CPU.ActiveCfg = Debug|Any CPU
		{69FAE82B-5447-4EE6-8959-22DBAE242D4A}.Debug|Any CPU.Build.0 = Debug|Any CPU
		{69FAE82B-5447-4EE6-8959-22DBAE242D4A}.Release|Any CPU.ActiveCfg = Release|Any CPU
		{69FAE82B-5447-4EE6-8959-22DBAE242D4A}.Release|Any CPU.Build.0 = Release|Any CPU
		{BB36ECAF-083E-43C4-8AB2-7D8E93F8AFBA}.Debug|Any CPU.ActiveCfg = Debug|Any CPU
		{BB36ECAF-083E-43C4-8AB2-7D8E93F8AFBA}.Debug|Any CPU.Build.0 = Debug|Any CPU
		{BB36ECAF-083E-43C4-8AB2-7D8E93F8AFBA}.Release|Any CPU.ActiveCfg = Release|Any CPU
		{BB36ECAF-083E-43C4-8AB2-7D8E93F8AFBA}.Release|Any CPU.Build.0 = Release|Any CPU
		{F0B8D04D-8BB6-4E5D-B542-D6AD3BD56741}.Debug|Any CPU.ActiveCfg = Debug|Any CPU
		{F0B8D04D-8BB6-4E5D-B542-D6AD3BD56741}.Debug|Any CPU.Build.0 = Debug|Any CPU
		{F0B8D04D-8BB6-4E5D-B542-D6AD3BD56741}.Release|Any CPU.ActiveCfg = Release|Any CPU
		{F0B8D04D-8BB6-4E5D-B542-D6AD3BD56741}.Release|Any CPU.Build.0 = Release|Any CPU
	EndGlobalSection
	GlobalSection(SolutionProperties) = preSolution
		HideSolutionNode = FALSE
	EndGlobalSection
	GlobalSection(ExtensibilityGlobals) = postSolution
		SolutionGuid = {85B013D2-0261-4999-8754-2CE85D81ED88}
	EndGlobalSection
EndGlobal
